# THIS IS AN AUTOGENERATED FILE. DO NOT EDIT THIS FILE DIRECTLY.
# yarn lockfile v1


"@types/node@^14.14.16":
  version "14.14.16"
  resolved "https://registry.npm.taobao.org/@types/node/download/@types/node-14.14.16.tgz#3cc351f8d48101deadfed4c9e4f116048d437b4b"
  integrity sha1-PMNR+NSBAd6t/tTJ5PEWBI1De0s=
